{
  "object": {
    "pins": [
      {
        "package": "CocoaAsyncSocket",
        "repositoryURL": "https://github.com/grangej/CocoaAsyncSocket.git",
        "state": {
          "branch": null,
          "revision": "0483b14aa4691864a38f0c3ff4e463f7a40edd44",
          "version": "7.7.1"
        }
      },
      {
        "package": "CocoaLumberjack",
        "repositoryURL": "https://github.com/CocoaLumberjack/CocoaLumberjack.git",
        "state": {
          "branch": null,
          "revision": "ded5f5999c853e7fef61fc27db100b169db0e21f",
          "version": "3.6.0"
        }
      }
    ]
  },
  "version": 1
}
