{
  "object": {
    "pins": [
      {
        "package": "CocoaAsyncSocket",
        "repositoryURL": "https://github.com/grangej/CocoaAsyncSocket.git",
        "state": {
          "branch": null,
          "revision": "bf3585ffbef9990823dcb4fd23bb865a50d5e4a0",
          "version": "7.7.3"
        }
      },
      {
        "package": "CocoaLumberjack",
        "repositoryURL": "https://github.com/CocoaLumberjack/CocoaLumberjack.git",
        "state": {
          "branch": null,
          "revision": "ded5f5999c853e7fef61fc27db100b169db0e21f",
          "version": "3.6.0"
        }
      }
    ]
  },
  "version": 1
}
